// !$*UTF8*$!
{
	archiveVersion = 1;
	classes = {
	};
	objectVersion = 48;
	objects = {

/* Begin PBXBuildFile section */
		1F10DDDF1FF2985300579C54 /* AppDelegate.swift in Sources */ = {isa = PBXBuildFile; fileRef = 1F10DDDE1FF2985300579C54 /* AppDelegate.swift */; };
		1F10DDE11FF2985300579C54 /* LoginViewController.swift in Sources */ = {isa = PBXBuildFile; fileRef = 1F10DDE01FF2985300579C54 /* LoginViewController.swift */; };
		1F10DDE41FF2985300579C54 /* Main.storyboard in Resources */ = {isa = PBXBuildFile; fileRef = 1F10DDE21FF2985300579C54 /* Main.storyboard */; };
		1F10DDE61FF2985300579C54 /* Assets.xcassets in Resources */ = {isa = PBXBuildFile; fileRef = 1F10DDE51FF2985300579C54 /* Assets.xcassets */; };
		1F10DDE91FF2985300579C54 /* LaunchScreen.storyboard in Resources */ = {isa = PBXBuildFile; fileRef = 1F10DDE71FF2985300579C54 /* LaunchScreen.storyboard */; };
		1FCC5F1D203B4E3C003ABC5D /* TakeObjectPictureViewController.swift in Sources */ = {isa = PBXBuildFile; fileRef = 1FCC5F1C203B4E3C003ABC5D /* TakeObjectPictureViewController.swift */; };
		1FCC5F1F203B506C003ABC5D /* ChooseObjectCategoryViewController.swift in Sources */ = {isa = PBXBuildFile; fileRef = 1FCC5F1E203B506C003ABC5D /* ChooseObjectCategoryViewController.swift */; };
		1FCC5F21203B5163003ABC5D /* SetObjectNameViewController.swift in Sources */ = {isa = PBXBuildFile; fileRef = 1FCC5F20203B5163003ABC5D /* SetObjectNameViewController.swift */; };
		1FCC5F23203B52A3003ABC5D /* SetObjectLocationViewController.swift in Sources */ = {isa = PBXBuildFile; fileRef = 1FCC5F22203B52A3003ABC5D /* SetObjectLocationViewController.swift */; };
		690FB08F203ECEEE009862EC /* Extensions.swift in Sources */ = {isa = PBXBuildFile; fileRef = 690FB08E203ECEED009862EC /* Extensions.swift */; };
		696CDD87203C5F76003DD7F6 /* CustomCalloutView.swift in Sources */ = {isa = PBXBuildFile; fileRef = 696CDD85203C5F76003DD7F6 /* CustomCalloutView.swift */; };
		696CDD88203C5F76003DD7F6 /* CustomCalloutView.xib in Resources */ = {isa = PBXBuildFile; fileRef = 696CDD86203C5F76003DD7F6 /* CustomCalloutView.xib */; };
		696CDD8B203C5F85003DD7F6 /* AnnotationView.swift in Sources */ = {isa = PBXBuildFile; fileRef = 696CDD89203C5F85003DD7F6 /* AnnotationView.swift */; };
		696CDD8C203C5F85003DD7F6 /* ObjectAnnotation.swift in Sources */ = {isa = PBXBuildFile; fileRef = 696CDD8A203C5F85003DD7F6 /* ObjectAnnotation.swift */; };
		69834BE0203318C30002F4E5 /* GoogleService-Info.plist in Resources */ = {isa = PBXBuildFile; fileRef = 69834BDF203318C30002F4E5 /* GoogleService-Info.plist */; };
		AF99E3DF203DF3C0000EC9F6 /* ObjectList.storyboard in Resources */ = {isa = PBXBuildFile; fileRef = AF99E3DD203DF3C0000EC9F6 /* ObjectList.storyboard */; };
		AF99E3E2203DF3EC000EC9F6 /* CategoriesList.storyboard in Resources */ = {isa = PBXBuildFile; fileRef = AF99E3E0203DF3EC000EC9F6 /* CategoriesList.storyboard */; };
		AF99E3E4203DF73E000EC9F6 /* CategoryTableViewCell.swift in Sources */ = {isa = PBXBuildFile; fileRef = AF99E3E3203DF73E000EC9F6 /* CategoryTableViewCell.swift */; };
		AFEB7E3E203B77D900CA21A9 /* CategoriesListViewController.swift in Sources */ = {isa = PBXBuildFile; fileRef = AFEB7E3D203B77D900CA21A9 /* CategoriesListViewController.swift */; };
		AFEB7E40203B86B000CA21A9 /* ObjectTableViewCell.swift in Sources */ = {isa = PBXBuildFile; fileRef = AFEB7E3F203B86B000CA21A9 /* ObjectTableViewCell.swift */; };
		AFEB7E44203C8DBC00CA21A9 /* Category.swift in Sources */ = {isa = PBXBuildFile; fileRef = AFEB7E43203C8DBC00CA21A9 /* Category.swift */; };
		AFEB7E47203DF2A700CA21A9 /* ObjectDetail.storyboard in Resources */ = {isa = PBXBuildFile; fileRef = AFEB7E45203DF2A600CA21A9 /* ObjectDetail.storyboard */; };
		BD04BA19203CD3830041FB7E /* EnumCollections.swift in Sources */ = {isa = PBXBuildFile; fileRef = BD04BA18203CD3830041FB7E /* EnumCollections.swift */; };
		BD04BA1B203CD3EB0041FB7E /* LanguageEnum.swift in Sources */ = {isa = PBXBuildFile; fileRef = BD04BA1A203CD3EB0041FB7E /* LanguageEnum.swift */; };
		BD371856203DE9FC00DED6F4 /* Localizable.strings in Resources */ = {isa = PBXBuildFile; fileRef = BD371858203DE9FC00DED6F4 /* Localizable.strings */; };
		BDCB0001200B55AE000D093F /* NewObjectViewController.swift in Sources */ = {isa = PBXBuildFile; fileRef = BDCB0000200B55AE000D093F /* NewObjectViewController.swift */; };
		BDCB0003200B55BE000D093F /* InfoViewController.swift in Sources */ = {isa = PBXBuildFile; fileRef = BDCB0002200B55BE000D093F /* InfoViewController.swift */; };
		BDCB0005200B55FA000D093F /* CameraViewController.swift in Sources */ = {isa = PBXBuildFile; fileRef = BDCB0004200B55FA000D093F /* CameraViewController.swift */; };
		BDCBFFF4200B467E000D093F /* ObjectsMapViewController.swift in Sources */ = {isa = PBXBuildFile; fileRef = BDCBFFF3200B467E000D093F /* ObjectsMapViewController.swift */; };
		BDCBFFF6200B484E000D093F /* MainTabBarController.swift in Sources */ = {isa = PBXBuildFile; fileRef = BDCBFFF5200B484E000D093F /* MainTabBarController.swift */; };
		BDCBFFF8200B492B000D093F /* ObjectsListViewController.swift in Sources */ = {isa = PBXBuildFile; fileRef = BDCBFFF7200B492B000D093F /* ObjectsListViewController.swift */; };
		BDCBFFFA200B4981000D093F /* ObjectDetailsViewController.swift in Sources */ = {isa = PBXBuildFile; fileRef = BDCBFFF9200B4981000D093F /* ObjectDetailsViewController.swift */; };
		BDCBFFFC200B4D7D000D093F /* Object.swift in Sources */ = {isa = PBXBuildFile; fileRef = BDCBFFFB200B4D7D000D093F /* Object.swift */; };
		BDCBFFFF200B4D9B000D093F /* Common.swift in Sources */ = {isa = PBXBuildFile; fileRef = BDCBFFFE200B4D9B000D093F /* Common.swift */; };
		BDF23DB0203B82C9003AF4DC /* ProfileViewController.swift in Sources */ = {isa = PBXBuildFile; fileRef = BDF23DAF203B82C9003AF4DC /* ProfileViewController.swift */; };
		BDF23DB2203BE235003AF4DC /* LanguageViewController.swift in Sources */ = {isa = PBXBuildFile; fileRef = BDF23DB1203BE235003AF4DC /* LanguageViewController.swift */; };
		BDF23DBA203BE71E003AF4DC /* CommonExtension.swift in Sources */ = {isa = PBXBuildFile; fileRef = BDF23DB9203BE71E003AF4DC /* CommonExtension.swift */; };
		BDF23DBE203CBC54003AF4DC /* LogoutViewController.swift in Sources */ = {isa = PBXBuildFile; fileRef = BDF23DBD203CBC54003AF4DC /* LogoutViewController.swift */; };
		EC0EF54564470DC5512E9D70 /* Pods_getLocal.framework in Frameworks */ = {isa = PBXBuildFile; fileRef = 1B6387275EE389EDEC20C1FA /* Pods_getLocal.framework */; };
/* End PBXBuildFile section */

/* Begin PBXFileReference section */
		1B6387275EE389EDEC20C1FA /* Pods_getLocal.framework */ = {isa = PBXFileReference; explicitFileType = wrapper.framework; includeInIndex = 0; path = Pods_getLocal.framework; sourceTree = BUILT_PRODUCTS_DIR; };
		1F10DDDB1FF2985300579C54 /* getLocal.app */ = {isa = PBXFileReference; explicitFileType = wrapper.application; includeInIndex = 0; path = getLocal.app; sourceTree = BUILT_PRODUCTS_DIR; };
		1F10DDDE1FF2985300579C54 /* AppDelegate.swift */ = {isa = PBXFileReference; lastKnownFileType = sourcecode.swift; path = AppDelegate.swift; sourceTree = "<group>"; };
		1F10DDE01FF2985300579C54 /* LoginViewController.swift */ = {isa = PBXFileReference; lastKnownFileType = sourcecode.swift; path = LoginViewController.swift; sourceTree = "<group>"; };
		1F10DDE31FF2985300579C54 /* Base */ = {isa = PBXFileReference; lastKnownFileType = file.storyboard; name = Base; path = Base.lproj/Main.storyboard; sourceTree = "<group>"; };
		1F10DDE51FF2985300579C54 /* Assets.xcassets */ = {isa = PBXFileReference; lastKnownFileType = folder.assetcatalog; path = Assets.xcassets; sourceTree = "<group>"; };
		1F10DDE81FF2985300579C54 /* Base */ = {isa = PBXFileReference; lastKnownFileType = file.storyboard; name = Base; path = Base.lproj/LaunchScreen.storyboard; sourceTree = "<group>"; };
		1F10DDEA1FF2985300579C54 /* Info.plist */ = {isa = PBXFileReference; lastKnownFileType = text.plist.xml; path = Info.plist; sourceTree = "<group>"; };
		1FCC5F1C203B4E3C003ABC5D /* TakeObjectPictureViewController.swift */ = {isa = PBXFileReference; lastKnownFileType = sourcecode.swift; path = TakeObjectPictureViewController.swift; sourceTree = "<group>"; };
		1FCC5F1E203B506C003ABC5D /* ChooseObjectCategoryViewController.swift */ = {isa = PBXFileReference; lastKnownFileType = sourcecode.swift; path = ChooseObjectCategoryViewController.swift; sourceTree = "<group>"; };
		1FCC5F20203B5163003ABC5D /* SetObjectNameViewController.swift */ = {isa = PBXFileReference; lastKnownFileType = sourcecode.swift; path = SetObjectNameViewController.swift; sourceTree = "<group>"; };
		1FCC5F22203B52A3003ABC5D /* SetObjectLocationViewController.swift */ = {isa = PBXFileReference; lastKnownFileType = sourcecode.swift; path = SetObjectLocationViewController.swift; sourceTree = "<group>"; };
		25BD5E61FC817F041B117935 /* Pods-getLocal.debug.xcconfig */ = {isa = PBXFileReference; includeInIndex = 1; lastKnownFileType = text.xcconfig; name = "Pods-getLocal.debug.xcconfig"; path = "Pods/Target Support Files/Pods-getLocal/Pods-getLocal.debug.xcconfig"; sourceTree = "<group>"; };
		690FB08E203ECEED009862EC /* Extensions.swift */ = {isa = PBXFileReference; fileEncoding = 4; lastKnownFileType = sourcecode.swift; path = Extensions.swift; sourceTree = "<group>"; };
		696CDD85203C5F76003DD7F6 /* CustomCalloutView.swift */ = {isa = PBXFileReference; fileEncoding = 4; lastKnownFileType = sourcecode.swift; path = CustomCalloutView.swift; sourceTree = "<group>"; };
		696CDD86203C5F76003DD7F6 /* CustomCalloutView.xib */ = {isa = PBXFileReference; fileEncoding = 4; lastKnownFileType = file.xib; path = CustomCalloutView.xib; sourceTree = "<group>"; };
		696CDD89203C5F85003DD7F6 /* AnnotationView.swift */ = {isa = PBXFileReference; fileEncoding = 4; lastKnownFileType = sourcecode.swift; path = AnnotationView.swift; sourceTree = "<group>"; };
		696CDD8A203C5F85003DD7F6 /* ObjectAnnotation.swift */ = {isa = PBXFileReference; fileEncoding = 4; lastKnownFileType = sourcecode.swift; path = ObjectAnnotation.swift; sourceTree = "<group>"; };
		69834BDF203318C30002F4E5 /* GoogleService-Info.plist */ = {isa = PBXFileReference; fileEncoding = 4; lastKnownFileType = text.plist.xml; path = "GoogleService-Info.plist"; sourceTree = "<group>"; };
		AF99E3DE203DF3C0000EC9F6 /* Base */ = {isa = PBXFileReference; lastKnownFileType = file.storyboard; name = Base; path = Base.lproj/ObjectList.storyboard; sourceTree = "<group>"; };
		AF99E3E1203DF3EC000EC9F6 /* Base */ = {isa = PBXFileReference; lastKnownFileType = file.storyboard; name = Base; path = Base.lproj/CategoriesList.storyboard; sourceTree = "<group>"; };
		AF99E3E3203DF73E000EC9F6 /* CategoryTableViewCell.swift */ = {isa = PBXFileReference; lastKnownFileType = sourcecode.swift; path = CategoryTableViewCell.swift; sourceTree = "<group>"; };
		AFEB7E3D203B77D900CA21A9 /* CategoriesListViewController.swift */ = {isa = PBXFileReference; lastKnownFileType = sourcecode.swift; path = CategoriesListViewController.swift; sourceTree = "<group>"; };
		AFEB7E3F203B86B000CA21A9 /* ObjectTableViewCell.swift */ = {isa = PBXFileReference; lastKnownFileType = sourcecode.swift; path = ObjectTableViewCell.swift; sourceTree = "<group>"; };
		AFEB7E43203C8DBC00CA21A9 /* Category.swift */ = {isa = PBXFileReference; lastKnownFileType = sourcecode.swift; path = Category.swift; sourceTree = "<group>"; };
		AFEB7E46203DF2A600CA21A9 /* Base */ = {isa = PBXFileReference; lastKnownFileType = file.storyboard; name = Base; path = Base.lproj/ObjectDetail.storyboard; sourceTree = "<group>"; };
		B61B5FE4C4DC0521EC1A3F14 /* Pods-getLocal.release.xcconfig */ = {isa = PBXFileReference; includeInIndex = 1; lastKnownFileType = text.xcconfig; name = "Pods-getLocal.release.xcconfig"; path = "Pods/Target Support Files/Pods-getLocal/Pods-getLocal.release.xcconfig"; sourceTree = "<group>"; };
		BD04BA18203CD3830041FB7E /* EnumCollections.swift */ = {isa = PBXFileReference; lastKnownFileType = sourcecode.swift; path = EnumCollections.swift; sourceTree = "<group>"; };
		BD04BA1A203CD3EB0041FB7E /* LanguageEnum.swift */ = {isa = PBXFileReference; lastKnownFileType = sourcecode.swift; path = LanguageEnum.swift; sourceTree = "<group>"; };
		BD371854203DE97200DED6F4 /* bg */ = {isa = PBXFileReference; lastKnownFileType = text.plist.strings; name = bg; path = bg.lproj/Main.strings; sourceTree = "<group>"; };
		BD371855203DE97200DED6F4 /* bg */ = {isa = PBXFileReference; lastKnownFileType = text.plist.strings; name = bg; path = bg.lproj/LaunchScreen.strings; sourceTree = "<group>"; };
		BD371857203DE9FC00DED6F4 /* en */ = {isa = PBXFileReference; lastKnownFileType = text.plist.strings; name = en; path = en.lproj/Localizable.strings; sourceTree = "<group>"; };
		BD371859203DE9FE00DED6F4 /* bg */ = {isa = PBXFileReference; lastKnownFileType = text.plist.strings; name = bg; path = bg.lproj/Localizable.strings; sourceTree = "<group>"; };
		BDCB0000200B55AE000D093F /* NewObjectViewController.swift */ = {isa = PBXFileReference; lastKnownFileType = sourcecode.swift; path = NewObjectViewController.swift; sourceTree = "<group>"; };
		BDCB0002200B55BE000D093F /* InfoViewController.swift */ = {isa = PBXFileReference; lastKnownFileType = sourcecode.swift; path = InfoViewController.swift; sourceTree = "<group>"; };
		BDCB0004200B55FA000D093F /* CameraViewController.swift */ = {isa = PBXFileReference; indentWidth = 2; lastKnownFileType = sourcecode.swift; path = CameraViewController.swift; sourceTree = "<group>"; tabWidth = 2; };
		BDCBFFF3200B467E000D093F /* ObjectsMapViewController.swift */ = {isa = PBXFileReference; lastKnownFileType = sourcecode.swift; path = ObjectsMapViewController.swift; sourceTree = "<group>"; };
		BDCBFFF5200B484E000D093F /* MainTabBarController.swift */ = {isa = PBXFileReference; lastKnownFileType = sourcecode.swift; path = MainTabBarController.swift; sourceTree = "<group>"; };
		BDCBFFF7200B492B000D093F /* ObjectsListViewController.swift */ = {isa = PBXFileReference; lastKnownFileType = sourcecode.swift; path = ObjectsListViewController.swift; sourceTree = "<group>"; };
		BDCBFFF9200B4981000D093F /* ObjectDetailsViewController.swift */ = {isa = PBXFileReference; lastKnownFileType = sourcecode.swift; path = ObjectDetailsViewController.swift; sourceTree = "<group>"; usesTabs = 0; };
		BDCBFFFB200B4D7D000D093F /* Object.swift */ = {isa = PBXFileReference; lastKnownFileType = sourcecode.swift; path = Object.swift; sourceTree = "<group>"; wrapsLines = 1; };
		BDCBFFFE200B4D9B000D093F /* Common.swift */ = {isa = PBXFileReference; lastKnownFileType = sourcecode.swift; path = Common.swift; sourceTree = "<group>"; };
		BDF23DAF203B82C9003AF4DC /* ProfileViewController.swift */ = {isa = PBXFileReference; lastKnownFileType = sourcecode.swift; path = ProfileViewController.swift; sourceTree = "<group>"; };
		BDF23DB1203BE235003AF4DC /* LanguageViewController.swift */ = {isa = PBXFileReference; lastKnownFileType = sourcecode.swift; path = LanguageViewController.swift; sourceTree = "<group>"; };
		BDF23DB9203BE71E003AF4DC /* CommonExtension.swift */ = {isa = PBXFileReference; lastKnownFileType = sourcecode.swift; path = CommonExtension.swift; sourceTree = "<group>"; };
		BDF23DBD203CBC54003AF4DC /* LogoutViewController.swift */ = {isa = PBXFileReference; lastKnownFileType = sourcecode.swift; path = LogoutViewController.swift; sourceTree = "<group>"; };
/* End PBXFileReference section */

/* Begin PBXFrameworksBuildPhase section */
		1F10DDD81FF2985300579C54 /* Frameworks */ = {
			isa = PBXFrameworksBuildPhase;
			buildActionMask = 2147483647;
			files = (
				EC0EF54564470DC5512E9D70 /* Pods_getLocal.framework in Frameworks */,
			);
			runOnlyForDeploymentPostprocessing = 0;
		};
/* End PBXFrameworksBuildPhase section */

/* Begin PBXGroup section */
		1F10DDD21FF2985300579C54 = {
			isa = PBXGroup;
			children = (
				1F10DDDD1FF2985300579C54 /* getLocal */,
				1F10DDDC1FF2985300579C54 /* Products */,
				3E9F5C097AEA57F0EA265B21 /* Pods */,
				A138C98B90642A8B9598B564 /* Frameworks */,
			);
			indentWidth = 4;
			sourceTree = "<group>";
			tabWidth = 4;
		};
		1F10DDDC1FF2985300579C54 /* Products */ = {
			isa = PBXGroup;
			children = (
				1F10DDDB1FF2985300579C54 /* getLocal.app */,
			);
			name = Products;
			sourceTree = "<group>";
		};
		1F10DDDD1FF2985300579C54 /* getLocal */ = {
			isa = PBXGroup;
			children = (
				BDCBFFFD200B4D87000D093F /* Model */,
				BDCBFFEE200B4624000D093F /* Controller */,
				BDCBFFED200B461A000D093F /* View */,
				1F10DDE51FF2985300579C54 /* Assets.xcassets */,
				1F10DDEA1FF2985300579C54 /* Info.plist */,
				69834BDF203318C30002F4E5 /* GoogleService-Info.plist */,
				BD371858203DE9FC00DED6F4 /* Localizable.strings */,
			);
			path = getLocal;
			sourceTree = "<group>";
		};
		3E9F5C097AEA57F0EA265B21 /* Pods */ = {
			isa = PBXGroup;
			children = (
				25BD5E61FC817F041B117935 /* Pods-getLocal.debug.xcconfig */,
				B61B5FE4C4DC0521EC1A3F14 /* Pods-getLocal.release.xcconfig */,
			);
			name = Pods;
			sourceTree = "<group>";
		};
		A138C98B90642A8B9598B564 /* Frameworks */ = {
			isa = PBXGroup;
			children = (
				1B6387275EE389EDEC20C1FA /* Pods_getLocal.framework */,
			);
			name = Frameworks;
			sourceTree = "<group>";
		};
		BDCBFFED200B461A000D093F /* View */ = {
			isa = PBXGroup;
			children = (
				696CDD89203C5F85003DD7F6 /* AnnotationView.swift */,
				696CDD8A203C5F85003DD7F6 /* ObjectAnnotation.swift */,
				696CDD85203C5F76003DD7F6 /* CustomCalloutView.swift */,
				696CDD86203C5F76003DD7F6 /* CustomCalloutView.xib */,
				AF99E3E0203DF3EC000EC9F6 /* CategoriesList.storyboard */,
				AF99E3DD203DF3C0000EC9F6 /* ObjectList.storyboard */,
				1F10DDE21FF2985300579C54 /* Main.storyboard */,
				AFEB7E45203DF2A600CA21A9 /* ObjectDetail.storyboard */,
				1F10DDE71FF2985300579C54 /* LaunchScreen.storyboard */,
			);
			path = View;
			sourceTree = "<group>";
		};
		BDCBFFEE200B4624000D093F /* Controller */ = {
			isa = PBXGroup;
			children = (
				1F10DDDE1FF2985300579C54 /* AppDelegate.swift */,
				1F10DDE01FF2985300579C54 /* LoginViewController.swift */,
				BDCBFFF3200B467E000D093F /* ObjectsMapViewController.swift */,
				BDCBFFF7200B492B000D093F /* ObjectsListViewController.swift */,
				AFEB7E3F203B86B000CA21A9 /* ObjectTableViewCell.swift */,
				AF99E3E3203DF73E000EC9F6 /* CategoryTableViewCell.swift */,
				BDCBFFF9200B4981000D093F /* ObjectDetailsViewController.swift */,
				BDCBFFF5200B484E000D093F /* MainTabBarController.swift */,
				AFEB7E3D203B77D900CA21A9 /* CategoriesListViewController.swift */,
				BDCB0000200B55AE000D093F /* NewObjectViewController.swift */,
				BDCB0002200B55BE000D093F /* InfoViewController.swift */,
				BDCB0004200B55FA000D093F /* CameraViewController.swift */,
				BDF23DAF203B82C9003AF4DC /* ProfileViewController.swift */,
				BDF23DB1203BE235003AF4DC /* LanguageViewController.swift */,
				BDF23DBD203CBC54003AF4DC /* LogoutViewController.swift */,
				1FCC5F1C203B4E3C003ABC5D /* TakeObjectPictureViewController.swift */,
				1FCC5F1E203B506C003ABC5D /* ChooseObjectCategoryViewController.swift */,
				1FCC5F20203B5163003ABC5D /* SetObjectNameViewController.swift */,
				1FCC5F22203B52A3003ABC5D /* SetObjectLocationViewController.swift */,
			);
			path = Controller;
			sourceTree = "<group>";
		};
		BDCBFFFD200B4D87000D093F /* Model */ = {
			isa = PBXGroup;
			children = (
				BDCBFFFB200B4D7D000D093F /* Object.swift */,
				AFEB7E43203C8DBC00CA21A9 /* Category.swift */,
				BDCBFFFE200B4D9B000D093F /* Common.swift */,
				BDF23DB9203BE71E003AF4DC /* CommonExtension.swift */,
				BD04BA1A203CD3EB0041FB7E /* LanguageEnum.swift */,
				BD04BA18203CD3830041FB7E /* EnumCollections.swift */,
				690FB08E203ECEED009862EC /* Extensions.swift */,
			);
			path = Model;
			sourceTree = "<group>";
		};
/* End PBXGroup section */

/* Begin PBXNativeTarget section */
		1F10DDDA1FF2985300579C54 /* getLocal */ = {
			isa = PBXNativeTarget;
			buildConfigurationList = 1F10DDED1FF2985300579C54 /* Build configuration list for PBXNativeTarget "getLocal" */;
			buildPhases = (
				69F05C237E662B7444CB0D51 /* [CP] Check Pods Manifest.lock */,
				1F10DDD71FF2985300579C54 /* Sources */,
				1F10DDD81FF2985300579C54 /* Frameworks */,
				1F10DDD91FF2985300579C54 /* Resources */,
				99A13227576098A39AA57452 /* [CP] Embed Pods Frameworks */,
				F369EE28F9143C8E85B32D08 /* [CP] Copy Pods Resources */,
			);
			buildRules = (
			);
			dependencies = (
			);
			name = getLocal;
			productName = getLocal;
			productReference = 1F10DDDB1FF2985300579C54 /* getLocal.app */;
			productType = "com.apple.product-type.application";
		};
/* End PBXNativeTarget section */

/* Begin PBXProject section */
		1F10DDD31FF2985300579C54 /* Project object */ = {
			isa = PBXProject;
			attributes = {
				LastSwiftUpdateCheck = 0920;
				LastUpgradeCheck = 0920;
				ORGANIZATIONNAME = "Petar Ivanov";
				TargetAttributes = {
					1F10DDDA1FF2985300579C54 = {
						CreatedOnToolsVersion = 9.2;
						ProvisioningStyle = Automatic;
						SystemCapabilities = {
							com.apple.Keychain = {
								enabled = 0;
							};
						};
					};
				};
			};
			buildConfigurationList = 1F10DDD61FF2985300579C54 /* Build configuration list for PBXProject "getLocal" */;
			compatibilityVersion = "Xcode 8.0";
			developmentRegion = en;
			hasScannedForEncodings = 0;
			knownRegions = (
				en,
				Base,
				bg,
			);
			mainGroup = 1F10DDD21FF2985300579C54;
			productRefGroup = 1F10DDDC1FF2985300579C54 /* Products */;
			projectDirPath = "";
			projectRoot = "";
			targets = (
				1F10DDDA1FF2985300579C54 /* getLocal */,
			);
		};
/* End PBXProject section */

/* Begin PBXResourcesBuildPhase section */
		1F10DDD91FF2985300579C54 /* Resources */ = {
			isa = PBXResourcesBuildPhase;
			buildActionMask = 2147483647;
			files = (
				1F10DDE91FF2985300579C54 /* LaunchScreen.storyboard in Resources */,
				BD371856203DE9FC00DED6F4 /* Localizable.strings in Resources */,
				AF99E3DF203DF3C0000EC9F6 /* ObjectList.storyboard in Resources */,
				69834BE0203318C30002F4E5 /* GoogleService-Info.plist in Resources */,
				AF99E3E2203DF3EC000EC9F6 /* CategoriesList.storyboard in Resources */,
				1F10DDE61FF2985300579C54 /* Assets.xcassets in Resources */,
				696CDD88203C5F76003DD7F6 /* CustomCalloutView.xib in Resources */,
				1F10DDE41FF2985300579C54 /* Main.storyboard in Resources */,
				AFEB7E47203DF2A700CA21A9 /* ObjectDetail.storyboard in Resources */,
			);
			runOnlyForDeploymentPostprocessing = 0;
		};
/* End PBXResourcesBuildPhase section */

/* Begin PBXShellScriptBuildPhase section */
		69F05C237E662B7444CB0D51 /* [CP] Check Pods Manifest.lock */ = {
			isa = PBXShellScriptBuildPhase;
			buildActionMask = 2147483647;
			files = (
			);
			inputPaths = (
				"${PODS_PODFILE_DIR_PATH}/Podfile.lock",
				"${PODS_ROOT}/Manifest.lock",
			);
			name = "[CP] Check Pods Manifest.lock";
			outputPaths = (
				"$(DERIVED_FILE_DIR)/Pods-getLocal-checkManifestLockResult.txt",
			);
			runOnlyForDeploymentPostprocessing = 0;
			shellPath = /bin/sh;
			shellScript = "diff \"${PODS_PODFILE_DIR_PATH}/Podfile.lock\" \"${PODS_ROOT}/Manifest.lock\" > /dev/null\nif [ $? != 0 ] ; then\n    # print error to STDERR\n    echo \"error: The sandbox is not in sync with the Podfile.lock. Run 'pod install' or update your CocoaPods installation.\" >&2\n    exit 1\nfi\n# This output is used by Xcode 'outputs' to avoid re-running this script phase.\necho \"SUCCESS\" > \"${SCRIPT_OUTPUT_FILE_0}\"\n";
			showEnvVarsInLog = 0;
		};
		99A13227576098A39AA57452 /* [CP] Embed Pods Frameworks */ = {
			isa = PBXShellScriptBuildPhase;
			buildActionMask = 2147483647;
			files = (
			);
			inputPaths = (
				"${SRCROOT}/Pods/Target Support Files/Pods-getLocal/Pods-getLocal-frameworks.sh",
				"${BUILT_PRODUCTS_DIR}/ARCL/ARCL.framework",
				"${BUILT_PRODUCTS_DIR}/Bolts/Bolts.framework",
				"${BUILT_PRODUCTS_DIR}/FBSDKCoreKit/FBSDKCoreKit.framework",
				"${BUILT_PRODUCTS_DIR}/FBSDKLoginKit/FBSDKLoginKit.framework",
				"${BUILT_PRODUCTS_DIR}/FacebookCore/FacebookCore.framework",
				"${BUILT_PRODUCTS_DIR}/FacebookLogin/FacebookLogin.framework",
				"${BUILT_PRODUCTS_DIR}/GTMSessionFetcher/GTMSessionFetcher.framework",
				"${BUILT_PRODUCTS_DIR}/GoogleToolboxForMac/GoogleToolboxForMac.framework",
				"${BUILT_PRODUCTS_DIR}/Kingfisher/Kingfisher.framework",
				"${BUILT_PRODUCTS_DIR}/SwiftOverlays/SwiftOverlays.framework",
				"${BUILT_PRODUCTS_DIR}/leveldb-library/leveldb.framework",
				"${BUILT_PRODUCTS_DIR}/nanopb/nanopb.framework",
			);
			name = "[CP] Embed Pods Frameworks";
			outputPaths = (
				"${TARGET_BUILD_DIR}/${FRAMEWORKS_FOLDER_PATH}/ARCL.framework",
				"${TARGET_BUILD_DIR}/${FRAMEWORKS_FOLDER_PATH}/Bolts.framework",
				"${TARGET_BUILD_DIR}/${FRAMEWORKS_FOLDER_PATH}/FBSDKCoreKit.framework",
				"${TARGET_BUILD_DIR}/${FRAMEWORKS_FOLDER_PATH}/FBSDKLoginKit.framework",
				"${TARGET_BUILD_DIR}/${FRAMEWORKS_FOLDER_PATH}/FacebookCore.framework",
				"${TARGET_BUILD_DIR}/${FRAMEWORKS_FOLDER_PATH}/FacebookLogin.framework",
				"${TARGET_BUILD_DIR}/${FRAMEWORKS_FOLDER_PATH}/GTMSessionFetcher.framework",
				"${TARGET_BUILD_DIR}/${FRAMEWORKS_FOLDER_PATH}/GoogleToolboxForMac.framework",
				"${TARGET_BUILD_DIR}/${FRAMEWORKS_FOLDER_PATH}/Kingfisher.framework",
				"${TARGET_BUILD_DIR}/${FRAMEWORKS_FOLDER_PATH}/SwiftOverlays.framework",
				"${TARGET_BUILD_DIR}/${FRAMEWORKS_FOLDER_PATH}/leveldb.framework",
				"${TARGET_BUILD_DIR}/${FRAMEWORKS_FOLDER_PATH}/nanopb.framework",
			);
			runOnlyForDeploymentPostprocessing = 0;
			shellPath = /bin/sh;
			shellScript = "\"${SRCROOT}/Pods/Target Support Files/Pods-getLocal/Pods-getLocal-frameworks.sh\"\n";
			showEnvVarsInLog = 0;
		};
		F369EE28F9143C8E85B32D08 /* [CP] Copy Pods Resources */ = {
			isa = PBXShellScriptBuildPhase;
			buildActionMask = 2147483647;
			files = (
			);
			inputPaths = (
			);
			name = "[CP] Copy Pods Resources";
			outputPaths = (
			);
			runOnlyForDeploymentPostprocessing = 0;
			shellPath = /bin/sh;
			shellScript = "\"${SRCROOT}/Pods/Target Support Files/Pods-getLocal/Pods-getLocal-resources.sh\"\n";
			showEnvVarsInLog = 0;
		};
/* End PBXShellScriptBuildPhase section */

/* Begin PBXSourcesBuildPhase section */
		1F10DDD71FF2985300579C54 /* Sources */ = {
			isa = PBXSourcesBuildPhase;
			buildActionMask = 2147483647;
			files = (
				BDF23DBA203BE71E003AF4DC /* CommonExtension.swift in Sources */,
				BD04BA1B203CD3EB0041FB7E /* LanguageEnum.swift in Sources */,
				696CDD87203C5F76003DD7F6 /* CustomCalloutView.swift in Sources */,
				BDCBFFFA200B4981000D093F /* ObjectDetailsViewController.swift in Sources */,
				AFEB7E44203C8DBC00CA21A9 /* Category.swift in Sources */,
				1F10DDE11FF2985300579C54 /* LoginViewController.swift in Sources */,
				696CDD8C203C5F85003DD7F6 /* ObjectAnnotation.swift in Sources */,
				BDCBFFF6200B484E000D093F /* MainTabBarController.swift in Sources */,
				1FCC5F23203B52A3003ABC5D /* SetObjectLocationViewController.swift in Sources */,
				BDCB0005200B55FA000D093F /* CameraViewController.swift in Sources */,
				AF99E3E4203DF73E000EC9F6 /* CategoryTableViewCell.swift in Sources */,
				BDCBFFFC200B4D7D000D093F /* Object.swift in Sources */,
				696CDD8B203C5F85003DD7F6 /* AnnotationView.swift in Sources */,
				BDCB0001200B55AE000D093F /* NewObjectViewController.swift in Sources */,
				BDF23DB0203B82C9003AF4DC /* ProfileViewController.swift in Sources */,
				BD04BA19203CD3830041FB7E /* EnumCollections.swift in Sources */,
				1FCC5F1F203B506C003ABC5D /* ChooseObjectCategoryViewController.swift in Sources */,
				1FCC5F21203B5163003ABC5D /* SetObjectNameViewController.swift in Sources */,
				1FCC5F1D203B4E3C003ABC5D /* TakeObjectPictureViewController.swift in Sources */,
				1F10DDDF1FF2985300579C54 /* AppDelegate.swift in Sources */,
				BDCBFFF8200B492B000D093F /* ObjectsListViewController.swift in Sources */,
				BDCBFFF4200B467E000D093F /* ObjectsMapViewController.swift in Sources */,
				BDF23DB2203BE235003AF4DC /* LanguageViewController.swift in Sources */,
				BDCBFFFF200B4D9B000D093F /* Common.swift in Sources */,
				690FB08F203ECEEE009862EC /* Extensions.swift in Sources */,
				BDF23DBE203CBC54003AF4DC /* LogoutViewController.swift in Sources */,
				AFEB7E3E203B77D900CA21A9 /* CategoriesListViewController.swift in Sources */,
				AFEB7E40203B86B000CA21A9 /* ObjectTableViewCell.swift in Sources */,
				BDCB0003200B55BE000D093F /* InfoViewController.swift in Sources */,
			);
			runOnlyForDeploymentPostprocessing = 0;
		};
/* End PBXSourcesBuildPhase section */

/* Begin PBXVariantGroup section */
		1F10DDE21FF2985300579C54 /* Main.storyboard */ = {
			isa = PBXVariantGroup;
			children = (
				1F10DDE31FF2985300579C54 /* Base */,
				BD371854203DE97200DED6F4 /* bg */,
			);
			name = Main.storyboard;
			sourceTree = "<group>";
		};
		1F10DDE71FF2985300579C54 /* LaunchScreen.storyboard */ = {
			isa = PBXVariantGroup;
			children = (
				1F10DDE81FF2985300579C54 /* Base */,
				BD371855203DE97200DED6F4 /* bg */,
			);
			name = LaunchScreen.storyboard;
			sourceTree = "<group>";
		};
		AF99E3DD203DF3C0000EC9F6 /* ObjectList.storyboard */ = {
			isa = PBXVariantGroup;
			children = (
				AF99E3DE203DF3C0000EC9F6 /* Base */,
			);
			name = ObjectList.storyboard;
			sourceTree = "<group>";
		};
		AF99E3E0203DF3EC000EC9F6 /* CategoriesList.storyboard */ = {
			isa = PBXVariantGroup;
			children = (
				AF99E3E1203DF3EC000EC9F6 /* Base */,
			);
			name = CategoriesList.storyboard;
			sourceTree = "<group>";
		};
		AFEB7E45203DF2A600CA21A9 /* ObjectDetail.storyboard */ = {
			isa = PBXVariantGroup;
			children = (
				AFEB7E46203DF2A600CA21A9 /* Base */,
			);
			name = ObjectDetail.storyboard;
			sourceTree = "<group>";
		};
		BD371858203DE9FC00DED6F4 /* Localizable.strings */ = {
			isa = PBXVariantGroup;
			children = (
				BD371857203DE9FC00DED6F4 /* en */,
				BD371859203DE9FE00DED6F4 /* bg */,
			);
			name = Localizable.strings;
			sourceTree = "<group>";
		};
/* End PBXVariantGroup section */

/* Begin XCBuildConfiguration section */
		1F10DDEB1FF2985300579C54 /* Debug */ = {
			isa = XCBuildConfiguration;
			buildSettings = {
				ALWAYS_SEARCH_USER_PATHS = NO;
				CLANG_ANALYZER_LOCALIZABILITY_NONLOCALIZED = YES;
				CLANG_ANALYZER_NONNULL = YES;
				CLANG_ANALYZER_NUMBER_OBJECT_CONVERSION = YES_AGGRESSIVE;
				CLANG_CXX_LANGUAGE_STANDARD = "gnu++14";
				CLANG_CXX_LIBRARY = "libc++";
				CLANG_ENABLE_MODULES = YES;
				CLANG_ENABLE_OBJC_ARC = YES;
				CLANG_WARN_BLOCK_CAPTURE_AUTORELEASING = YES;
				CLANG_WARN_BOOL_CONVERSION = YES;
				CLANG_WARN_COMMA = YES;
				CLANG_WARN_CONSTANT_CONVERSION = YES;
				CLANG_WARN_DIRECT_OBJC_ISA_USAGE = YES_ERROR;
				CLANG_WARN_DOCUMENTATION_COMMENTS = YES;
				CLANG_WARN_EMPTY_BODY = YES;
				CLANG_WARN_ENUM_CONVERSION = YES;
				CLANG_WARN_INFINITE_RECURSION = YES;
				CLANG_WARN_INT_CONVERSION = YES;
				CLANG_WARN_NON_LITERAL_NULL_CONVERSION = YES;
				CLANG_WARN_OBJC_LITERAL_CONVERSION = YES;
				CLANG_WARN_OBJC_ROOT_CLASS = YES_ERROR;
				CLANG_WARN_RANGE_LOOP_ANALYSIS = YES;
				CLANG_WARN_STRICT_PROTOTYPES = YES;
				CLANG_WARN_SUSPICIOUS_MOVE = YES;
				CLANG_WARN_UNGUARDED_AVAILABILITY = YES_AGGRESSIVE;
				CLANG_WARN_UNREACHABLE_CODE = YES;
				CLANG_WARN__DUPLICATE_METHOD_MATCH = YES;
				CODE_SIGN_IDENTITY = "iPhone Developer";
				COPY_PHASE_STRIP = NO;
				DEBUG_INFORMATION_FORMAT = dwarf;
				ENABLE_STRICT_OBJC_MSGSEND = YES;
				ENABLE_TESTABILITY = YES;
				GCC_C_LANGUAGE_STANDARD = gnu11;
				GCC_DYNAMIC_NO_PIC = NO;
				GCC_NO_COMMON_BLOCKS = YES;
				GCC_OPTIMIZATION_LEVEL = 0;
				GCC_PREPROCESSOR_DEFINITIONS = (
					"DEBUG=1",
					"$(inherited)",
				);
				GCC_WARN_64_TO_32_BIT_CONVERSION = YES;
				GCC_WARN_ABOUT_RETURN_TYPE = YES_ERROR;
				GCC_WARN_UNDECLARED_SELECTOR = YES;
				GCC_WARN_UNINITIALIZED_AUTOS = YES_AGGRESSIVE;
				GCC_WARN_UNUSED_FUNCTION = YES;
				GCC_WARN_UNUSED_VARIABLE = YES;
				IPHONEOS_DEPLOYMENT_TARGET = 11.2;
				MTL_ENABLE_DEBUG_INFO = YES;
				ONLY_ACTIVE_ARCH = YES;
				SDKROOT = iphoneos;
				SWIFT_ACTIVE_COMPILATION_CONDITIONS = DEBUG;
				SWIFT_OPTIMIZATION_LEVEL = "-Onone";
			};
			name = Debug;
		};
		1F10DDEC1FF2985300579C54 /* Release */ = {
			isa = XCBuildConfiguration;
			buildSettings = {
				ALWAYS_SEARCH_USER_PATHS = NO;
				CLANG_ANALYZER_LOCALIZABILITY_NONLOCALIZED = YES;
				CLANG_ANALYZER_NONNULL = YES;
				CLANG_ANALYZER_NUMBER_OBJECT_CONVERSION = YES_AGGRESSIVE;
				CLANG_CXX_LANGUAGE_STANDARD = "gnu++14";
				CLANG_CXX_LIBRARY = "libc++";
				CLANG_ENABLE_MODULES = YES;
				CLANG_ENABLE_OBJC_ARC = YES;
				CLANG_WARN_BLOCK_CAPTURE_AUTORELEASING = YES;
				CLANG_WARN_BOOL_CONVERSION = YES;
				CLANG_WARN_COMMA = YES;
				CLANG_WARN_CONSTANT_CONVERSION = YES;
				CLANG_WARN_DIRECT_OBJC_ISA_USAGE = YES_ERROR;
				CLANG_WARN_DOCUMENTATION_COMMENTS = YES;
				CLANG_WARN_EMPTY_BODY = YES;
				CLANG_WARN_ENUM_CONVERSION = YES;
				CLANG_WARN_INFINITE_RECURSION = YES;
				CLANG_WARN_INT_CONVERSION = YES;
				CLANG_WARN_NON_LITERAL_NULL_CONVERSION = YES;
				CLANG_WARN_OBJC_LITERAL_CONVERSION = YES;
				CLANG_WARN_OBJC_ROOT_CLASS = YES_ERROR;
				CLANG_WARN_RANGE_LOOP_ANALYSIS = YES;
				CLANG_WARN_STRICT_PROTOTYPES = YES;
				CLANG_WARN_SUSPICIOUS_MOVE = YES;
				CLANG_WARN_UNGUARDED_AVAILABILITY = YES_AGGRESSIVE;
				CLANG_WARN_UNREACHABLE_CODE = YES;
				CLANG_WARN__DUPLICATE_METHOD_MATCH = YES;
				CODE_SIGN_IDENTITY = "iPhone Developer";
				COPY_PHASE_STRIP = NO;
				DEBUG_INFORMATION_FORMAT = "dwarf-with-dsym";
				ENABLE_NS_ASSERTIONS = NO;
				ENABLE_STRICT_OBJC_MSGSEND = YES;
				GCC_C_LANGUAGE_STANDARD = gnu11;
				GCC_NO_COMMON_BLOCKS = YES;
				GCC_WARN_64_TO_32_BIT_CONVERSION = YES;
				GCC_WARN_ABOUT_RETURN_TYPE = YES_ERROR;
				GCC_WARN_UNDECLARED_SELECTOR = YES;
				GCC_WARN_UNINITIALIZED_AUTOS = YES_AGGRESSIVE;
				GCC_WARN_UNUSED_FUNCTION = YES;
				GCC_WARN_UNUSED_VARIABLE = YES;
				IPHONEOS_DEPLOYMENT_TARGET = 11.2;
				MTL_ENABLE_DEBUG_INFO = NO;
				SDKROOT = iphoneos;
				SWIFT_OPTIMIZATION_LEVEL = "-Owholemodule";
				VALIDATE_PRODUCT = YES;
			};
			name = Release;
		};
		1F10DDEE1FF2985300579C54 /* Debug */ = {
			isa = XCBuildConfiguration;
			baseConfigurationReference = 25BD5E61FC817F041B117935 /* Pods-getLocal.debug.xcconfig */;
			buildSettings = {
				ASSETCATALOG_COMPILER_APPICON_NAME = AppIcon;
				CODE_SIGN_STYLE = Automatic;
				DEVELOPMENT_TEAM = EJFGUPBBHG;
				INFOPLIST_FILE = getLocal/Info.plist;
				LD_RUNPATH_SEARCH_PATHS = "$(inherited) @executable_path/Frameworks";
				PRODUCT_BUNDLE_IDENTIFIER = "bg.sofia-uni.fmi.getLocal";
				PRODUCT_NAME = "$(TARGET_NAME)";
				SWIFT_VERSION = 4.0;
				TARGETED_DEVICE_FAMILY = "1,2";
			};
			name = Debug;
		};
		1F10DDEF1FF2985300579C54 /* Release */ = {
			isa = XCBuildConfiguration;
			baseConfigurationReference = B61B5FE4C4DC0521EC1A3F14 /* Pods-getLocal.release.xcconfig */;
			buildSettings = {
				ASSETCATALOG_COMPILER_APPICON_NAME = AppIcon;
				CODE_SIGN_STYLE = Automatic;
				DEVELOPMENT_TEAM = EJFGUPBBHG;
				INFOPLIST_FILE = getLocal/Info.plist;
				LD_RUNPATH_SEARCH_PATHS = "$(inherited) @executable_path/Frameworks";
				PRODUCT_BUNDLE_IDENTIFIER = "bg.sofia-uni.fmi.getLocal";
				PRODUCT_NAME = "$(TARGET_NAME)";
				SWIFT_VERSION = 4.0;
				TARGETED_DEVICE_FAMILY = "1,2";
			};
			name = Release;
		};
/* End XCBuildConfiguration section */

/* Begin XCConfigurationList section */
		1F10DDD61FF2985300579C54 /* Build configuration list for PBXProject "getLocal" */ = {
			isa = XCConfigurationList;
			buildConfigurations = (
				1F10DDEB1FF2985300579C54 /* Debug */,
				1F10DDEC1FF2985300579C54 /* Release */,
			);
			defaultConfigurationIsVisible = 0;
			defaultConfigurationName = Release;
		};
		1F10DDED1FF2985300579C54 /* Build configuration list for PBXNativeTarget "getLocal" */ = {
			isa = XCConfigurationList;
			buildConfigurations = (
				1F10DDEE1FF2985300579C54 /* Debug */,
				1F10DDEF1FF2985300579C54 /* Release */,
			);
			defaultConfigurationIsVisible = 0;
			defaultConfigurationName = Release;
		};
/* End XCConfigurationList section */
	};
	rootObject = 1F10DDD31FF2985300579C54 /* Project object */;
}
